
Microsoft Visual Studio Solution File, Format Version 12.00
# Visual Studio Version 17
VisualStudioVersion = 17.13.35825.156
MinimumVisualStudioVersion = 10.0.40219.1
Project("{FAE04EC0-301F-11D3-BF4B-00C04F79EFBC}") = "SyncTranslator SC", "SyncTranslator SC\SyncTranslator SC.csproj", "{61DB44F2-A2B2-4A9A-B276-940E3AF4340D}"
EndProject
Global
	GlobalSection(SolutionConfigurationPlatforms) = preSolution
		Debug|Any CPU = Debug|Any CPU
		Debug|x64 = Debug|x64
		Portable|Any CPU = Portable|Any CPU
		Portable|x64 = Portable|x64
		Release|Any CPU = Release|Any CPU
		Release|x64 = Release|x64
	EndGlobalSection
	GlobalSection(ProjectConfigurationPlatforms) = postSolution
		{61DB44F2-A2B2-4A9A-B276-940E3AF4340D}.Debug|Any CPU.ActiveCfg = Debug|Any CPU
		{61DB44F2-A2B2-4A9A-B276-940E3AF4340D}.Debug|Any CPU.Build.0 = Debug|Any CPU
		{61DB44F2-A2B2-4A9A-B276-940E3AF4340D}.Debug|x64.ActiveCfg = Debug|x64
		{61DB44F2-A2B2-4A9A-B276-940E3AF4340D}.Debug|x64.Build.0 = Debug|x64
		{61DB44F2-A2B2-4A9A-B276-940E3AF4340D}.Portable|Any CPU.ActiveCfg = Portable|Any CPU
		{61DB44F2-A2B2-4A9A-B276-940E3AF4340D}.Portable|Any CPU.Build.0 = Portable|Any CPU
		{61DB44F2-A2B2-4A9A-B276-940E3AF4340D}.Portable|x64.ActiveCfg = Portable|x64
		{61DB44F2-A2B2-4A9A-B276-940E3AF4340D}.Portable|x64.Build.0 = Portable|x64
		{61DB44F2-A2B2-4A9A-B276-940E3AF4340D}.Release|Any CPU.ActiveCfg = Release|Any CPU
		{61DB44F2-A2B2-4A9A-B276-940E3AF4340D}.Release|Any CPU.Build.0 = Release|Any CPU
		{61DB44F2-A2B2-4A9A-B276-940E3AF4340D}.Release|x64.ActiveCfg = Release|Any CPU
		{61DB44F2-A2B2-4A9A-B276-940E3AF4340D}.Release|x64.Build.0 = Release|Any CPU
	EndGlobalSection
	GlobalSection(SolutionProperties) = preSolution
		HideSolutionNode = FALSE
	EndGlobalSection
	GlobalSection(ExtensibilityGlobals) = postSolution
		SolutionGuid = {11C7FCCB-120A-4705-BAB3-845D5D393159}
	EndGlobalSection
EndGlobal
